
Microsoft Visual Studio Solution File, Format Version 12.00
# Visual Studio Version 16
VisualStudioVersion = 16.0.31702.278
MinimumVisualStudioVersion = 10.0.40219.1
Project("{FAE04EC0-301F-11D3-BF4B-00C04F79EFBC}") = "AgenciaBancaria.Dominio", "AgenciaBancaria.Dominio\AgenciaBancaria.Dominio.csproj", "{B04D2E60-7CB5-4CD2-AA5F-DB1E32A9D8F6}"
EndProject
Project("{FAE04EC0-301F-11D3-BF4B-00C04F79EFBC}") = "AgenciaBancaria.App", "AgenciaBancaria.App\AgenciaBancaria.App.csproj", "{CA8E5D01-0AFA-4530-9399-82951646C816}"
EndProject
Global
	GlobalSection(SolutionConfigurationPlatforms) = preSolution
		Debug|Any CPU = Debug|Any CPU
		Release|Any CPU = Release|Any CPU
	EndGlobalSection
	GlobalSection(ProjectConfigurationPlatforms) = postSolution
		{B04D2E60-7CB5-4CD2-AA5F-DB1E32A9D8F6}.Debug|Any CPU.ActiveCfg = Debug|Any CPU
		{B04D2E60-7CB5-4CD2-AA5F-DB1E32A9D8F6}.Debug|Any CPU.Build.0 = Debug|Any CPU
		{B04D2E60-7CB5-4CD2-AA5F-DB1E32A9D8F6}.Release|Any CPU.ActiveCfg = Release|Any CPU
		{B04D2E60-7CB5-4CD2-AA5F-DB1E32A9D8F6}.Release|Any CPU.Build.0 = Release|Any CPU
		{CA8E5D01-0AFA-4530-9399-82951646C816}.Debug|Any CPU.ActiveCfg = Debug|Any CPU
		{CA8E5D01-0AFA-4530-9399-82951646C816}.Debug|Any CPU.Build.0 = Debug|Any CPU
		{CA8E5D01-0AFA-4530-9399-82951646C816}.Release|Any CPU.ActiveCfg = Release|Any CPU
		{CA8E5D01-0AFA-4530-9399-82951646C816}.Release|Any CPU.Build.0 = Release|Any CPU
	EndGlobalSection
	GlobalSection(SolutionProperties) = preSolution
		HideSolutionNode = FALSE
	EndGlobalSection
	GlobalSection(ExtensibilityGlobals) = postSolution
		SolutionGuid = {F97167BA-BC6A-4737-B7C2-9F1D19F9B276}
	EndGlobalSection
EndGlobal
