
Microsoft Visual Studio Solution File, Format Version 12.00
# Visual Studio Version 16
VisualStudioVersion = 16.0.31702.278
MinimumVisualStudioVersion = 10.0.40219.1
Project("{9A19103F-16F7-4668-BE54-9A1E7A4F7556}") = "For", "For.csproj", "{76FF9667-3AC1-4159-8582-D5B406F7B7A8}"
EndProject
Project("{2150E333-8FDC-42A3-9474-1A3956D46DE8}") = "FOR", "FOR", "{FC84B0E1-833E-4CEF-9DC5-F59F5D176167}"
EndProject
Project("{9A19103F-16F7-4668-BE54-9A1E7A4F7556}") = "PRODUCT", "..\ConsoleApp1\PRODUCT.csproj", "{A510CE1A-7E88-465A-B304-0496206A5AC4}"
EndProject
Project("{2150E333-8FDC-42A3-9474-1A3956D46DE8}") = "CLASSES ATRIBUTOS E METODOS", "CLASSES ATRIBUTOS E METODOS", "{5C4ED1E3-F667-4453-B329-16FE540073D3}"
EndProject
Project("{9A19103F-16F7-4668-BE54-9A1E7A4F7556}") = "EXEC1", "..\EXEC1\EXEC1.csproj", "{63A245E2-36CC-400B-847B-738FA18F9D06}"
EndProject
Project("{9A19103F-16F7-4668-BE54-9A1E7A4F7556}") = "EXE02", "..\EXE02\EXE02.csproj", "{3C060A7D-F567-4873-A2A0-4A7EB594972C}"
EndProject
Project("{2150E333-8FDC-42A3-9474-1A3956D46DE8}") = "CONSTRUTORES, SOBRECARGA", "CONSTRUTORES, SOBRECARGA", "{BE3CF277-7303-48B3-98BE-CE361A76F25A}"
EndProject
Project("{9A19103F-16F7-4668-BE54-9A1E7A4F7556}") = "ExecBanco", "..\ExecBanco\ExecBanco.csproj", "{036F731D-FA4A-43CE-BD8E-DEB6F1C15282}"
EndProject
Project("{2150E333-8FDC-42A3-9474-1A3956D46DE8}") = "Vetores, arrays e listas", "Vetores, arrays e listas", "{64555D9D-9365-46BF-B0CA-9A381C3830AD}"
EndProject
Project("{9A19103F-16F7-4668-BE54-9A1E7A4F7556}") = "Vetores", "..\ConsoleApp2\Vetores.csproj", "{1C885428-0C92-4BA1-B0B5-D80123415879}"
EndProject
Project("{9A19103F-16F7-4668-BE54-9A1E7A4F7556}") = "VetorComObjetos", "..\VetorComObjetos\VetorComObjetos.csproj", "{7A65D3DD-2EB1-40BD-8FA1-2157C92F27C8}"
EndProject
Project("{9A19103F-16F7-4668-BE54-9A1E7A4F7556}") = "Pensionato", "..\Pensionato\Pensionato.csproj", "{F3BC8DBF-4B37-434A-B037-C61CC417CC67}"
EndProject
Project("{2150E333-8FDC-42A3-9474-1A3956D46DE8}") = "LISTS", "LISTS", "{14698CB2-0E59-45A9-8E10-38653E61CB6E}"
EndProject
Project("{9A19103F-16F7-4668-BE54-9A1E7A4F7556}") = "ConsoleApp3", "..\ConsoleApp3\ConsoleApp3.csproj", "{99BDA916-7A30-4630-9522-4C1C247273FB}"
EndProject
Project("{9A19103F-16F7-4668-BE54-9A1E7A4F7556}") = "ExecLIST", "..\ExecLIST\ExecLIST.csproj", "{4B82DDB1-9E08-4F68-AE73-72D3792C9DCA}"
EndProject
Project("{2150E333-8FDC-42A3-9474-1A3956D46DE8}") = "MATRIZ", "MATRIZ", "{031C8E6C-EAEF-423D-A0CF-BA9E896DDAB1}"
EndProject
Project("{9A19103F-16F7-4668-BE54-9A1E7A4F7556}") = "MatrizExec", "..\MatrizExemplo\MatrizExec.csproj", "{E8BEF518-6DAF-4F80-87B5-6C848510B8AA}"
EndProject
Project("{2150E333-8FDC-42A3-9474-1A3956D46DE8}") = "SWITCHCASE", "SWITCHCASE", "{4713B378-4430-457D-962E-957E48634032}"
EndProject
Project("{FAE04EC0-301F-11D3-BF4B-00C04F79EFBC}") = "SwitchExemplo", "..\SwitchExemplo\SwitchExemplo.csproj", "{6061E541-A228-4C61-BAAE-A6DB4A7EF961}"
EndProject
Project("{2150E333-8FDC-42A3-9474-1A3956D46DE8}") = "EXPRESSAOTERNÁRIA", "EXPRESSAOTERNÁRIA", "{90B71479-703B-4D84-81B1-AA650BF7C4FC}"
EndProject
Project("{FAE04EC0-301F-11D3-BF4B-00C04F79EFBC}") = "Ternário", "..\Ternário\Ternário.csproj", "{478DEFE4-1015-48F7-BE74-2C9BA7DEC489}"
EndProject
Global
	GlobalSection(SolutionConfigurationPlatforms) = preSolution
		Debug|Any CPU = Debug|Any CPU
		Release|Any CPU = Release|Any CPU
	EndGlobalSection
	GlobalSection(ProjectConfigurationPlatforms) = postSolution
		{76FF9667-3AC1-4159-8582-D5B406F7B7A8}.Debug|Any CPU.ActiveCfg = Debug|Any CPU
		{76FF9667-3AC1-4159-8582-D5B406F7B7A8}.Debug|Any CPU.Build.0 = Debug|Any CPU
		{76FF9667-3AC1-4159-8582-D5B406F7B7A8}.Release|Any CPU.ActiveCfg = Release|Any CPU
		{76FF9667-3AC1-4159-8582-D5B406F7B7A8}.Release|Any CPU.Build.0 = Release|Any CPU
		{A510CE1A-7E88-465A-B304-0496206A5AC4}.Debug|Any CPU.ActiveCfg = Debug|Any CPU
		{A510CE1A-7E88-465A-B304-0496206A5AC4}.Debug|Any CPU.Build.0 = Debug|Any CPU
		{A510CE1A-7E88-465A-B304-0496206A5AC4}.Release|Any CPU.ActiveCfg = Release|Any CPU
		{A510CE1A-7E88-465A-B304-0496206A5AC4}.Release|Any CPU.Build.0 = Release|Any CPU
		{63A245E2-36CC-400B-847B-738FA18F9D06}.Debug|Any CPU.ActiveCfg = Debug|Any CPU
		{63A245E2-36CC-400B-847B-738FA18F9D06}.Debug|Any CPU.Build.0 = Debug|Any CPU
		{63A245E2-36CC-400B-847B-738FA18F9D06}.Release|Any CPU.ActiveCfg = Release|Any CPU
		{63A245E2-36CC-400B-847B-738FA18F9D06}.Release|Any CPU.Build.0 = Release|Any CPU
		{3C060A7D-F567-4873-A2A0-4A7EB594972C}.Debug|Any CPU.ActiveCfg = Debug|Any CPU
		{3C060A7D-F567-4873-A2A0-4A7EB594972C}.Debug|Any CPU.Build.0 = Debug|Any CPU
		{3C060A7D-F567-4873-A2A0-4A7EB594972C}.Release|Any CPU.ActiveCfg = Release|Any CPU
		{3C060A7D-F567-4873-A2A0-4A7EB594972C}.Release|Any CPU.Build.0 = Release|Any CPU
		{036F731D-FA4A-43CE-BD8E-DEB6F1C15282}.Debug|Any CPU.ActiveCfg = Debug|Any CPU
		{036F731D-FA4A-43CE-BD8E-DEB6F1C15282}.Debug|Any CPU.Build.0 = Debug|Any CPU
		{036F731D-FA4A-43CE-BD8E-DEB6F1C15282}.Release|Any CPU.ActiveCfg = Release|Any CPU
		{036F731D-FA4A-43CE-BD8E-DEB6F1C15282}.Release|Any CPU.Build.0 = Release|Any CPU
		{1C885428-0C92-4BA1-B0B5-D80123415879}.Debug|Any CPU.ActiveCfg = Debug|Any CPU
		{1C885428-0C92-4BA1-B0B5-D80123415879}.Debug|Any CPU.Build.0 = Debug|Any CPU
		{1C885428-0C92-4BA1-B0B5-D80123415879}.Release|Any CPU.ActiveCfg = Release|Any CPU
		{1C885428-0C92-4BA1-B0B5-D80123415879}.Release|Any CPU.Build.0 = Release|Any CPU
		{7A65D3DD-2EB1-40BD-8FA1-2157C92F27C8}.Debug|Any CPU.ActiveCfg = Debug|Any CPU
		{7A65D3DD-2EB1-40BD-8FA1-2157C92F27C8}.Debug|Any CPU.Build.0 = Debug|Any CPU
		{7A65D3DD-2EB1-40BD-8FA1-2157C92F27C8}.Release|Any CPU.ActiveCfg = Release|Any CPU
		{7A65D3DD-2EB1-40BD-8FA1-2157C92F27C8}.Release|Any CPU.Build.0 = Release|Any CPU
		{F3BC8DBF-4B37-434A-B037-C61CC417CC67}.Debug|Any CPU.ActiveCfg = Debug|Any CPU
		{F3BC8DBF-4B37-434A-B037-C61CC417CC67}.Debug|Any CPU.Build.0 = Debug|Any CPU
		{F3BC8DBF-4B37-434A-B037-C61CC417CC67}.Release|Any CPU.ActiveCfg = Release|Any CPU
		{F3BC8DBF-4B37-434A-B037-C61CC417CC67}.Release|Any CPU.Build.0 = Release|Any CPU
		{99BDA916-7A30-4630-9522-4C1C247273FB}.Debug|Any CPU.ActiveCfg = Debug|Any CPU
		{99BDA916-7A30-4630-9522-4C1C247273FB}.Debug|Any CPU.Build.0 = Debug|Any CPU
		{99BDA916-7A30-4630-9522-4C1C247273FB}.Release|Any CPU.ActiveCfg = Release|Any CPU
		{99BDA916-7A30-4630-9522-4C1C247273FB}.Release|Any CPU.Build.0 = Release|Any CPU
		{4B82DDB1-9E08-4F68-AE73-72D3792C9DCA}.Debug|Any CPU.ActiveCfg = Debug|Any CPU
		{4B82DDB1-9E08-4F68-AE73-72D3792C9DCA}.Debug|Any CPU.Build.0 = Debug|Any CPU
		{4B82DDB1-9E08-4F68-AE73-72D3792C9DCA}.Release|Any CPU.ActiveCfg = Release|Any CPU
		{4B82DDB1-9E08-4F68-AE73-72D3792C9DCA}.Release|Any CPU.Build.0 = Release|Any CPU
		{E8BEF518-6DAF-4F80-87B5-6C848510B8AA}.Debug|Any CPU.ActiveCfg = Debug|Any CPU
		{E8BEF518-6DAF-4F80-87B5-6C848510B8AA}.Debug|Any CPU.Build.0 = Debug|Any CPU
		{E8BEF518-6DAF-4F80-87B5-6C848510B8AA}.Release|Any CPU.ActiveCfg = Release|Any CPU
		{E8BEF518-6DAF-4F80-87B5-6C848510B8AA}.Release|Any CPU.Build.0 = Release|Any CPU
		{6061E541-A228-4C61-BAAE-A6DB4A7EF961}.Debug|Any CPU.ActiveCfg = Debug|Any CPU
		{6061E541-A228-4C61-BAAE-A6DB4A7EF961}.Debug|Any CPU.Build.0 = Debug|Any CPU
		{6061E541-A228-4C61-BAAE-A6DB4A7EF961}.Release|Any CPU.ActiveCfg = Release|Any CPU
		{6061E541-A228-4C61-BAAE-A6DB4A7EF961}.Release|Any CPU.Build.0 = Release|Any CPU
		{478DEFE4-1015-48F7-BE74-2C9BA7DEC489}.Debug|Any CPU.ActiveCfg = Debug|Any CPU
		{478DEFE4-1015-48F7-BE74-2C9BA7DEC489}.Debug|Any CPU.Build.0 = Debug|Any CPU
		{478DEFE4-1015-48F7-BE74-2C9BA7DEC489}.Release|Any CPU.ActiveCfg = Release|Any CPU
		{478DEFE4-1015-48F7-BE74-2C9BA7DEC489}.Release|Any CPU.Build.0 = Release|Any CPU
	EndGlobalSection
	GlobalSection(SolutionProperties) = preSolution
		HideSolutionNode = FALSE
	EndGlobalSection
	GlobalSection(NestedProjects) = preSolution
		{76FF9667-3AC1-4159-8582-D5B406F7B7A8} = {FC84B0E1-833E-4CEF-9DC5-F59F5D176167}
		{A510CE1A-7E88-465A-B304-0496206A5AC4} = {5C4ED1E3-F667-4453-B329-16FE540073D3}
		{63A245E2-36CC-400B-847B-738FA18F9D06} = {5C4ED1E3-F667-4453-B329-16FE540073D3}
		{3C060A7D-F567-4873-A2A0-4A7EB594972C} = {5C4ED1E3-F667-4453-B329-16FE540073D3}
		{036F731D-FA4A-43CE-BD8E-DEB6F1C15282} = {BE3CF277-7303-48B3-98BE-CE361A76F25A}
		{1C885428-0C92-4BA1-B0B5-D80123415879} = {64555D9D-9365-46BF-B0CA-9A381C3830AD}
		{7A65D3DD-2EB1-40BD-8FA1-2157C92F27C8} = {64555D9D-9365-46BF-B0CA-9A381C3830AD}
		{F3BC8DBF-4B37-434A-B037-C61CC417CC67} = {64555D9D-9365-46BF-B0CA-9A381C3830AD}
		{99BDA916-7A30-4630-9522-4C1C247273FB} = {14698CB2-0E59-45A9-8E10-38653E61CB6E}
		{4B82DDB1-9E08-4F68-AE73-72D3792C9DCA} = {14698CB2-0E59-45A9-8E10-38653E61CB6E}
		{E8BEF518-6DAF-4F80-87B5-6C848510B8AA} = {031C8E6C-EAEF-423D-A0CF-BA9E896DDAB1}
		{6061E541-A228-4C61-BAAE-A6DB4A7EF961} = {4713B378-4430-457D-962E-957E48634032}
		{478DEFE4-1015-48F7-BE74-2C9BA7DEC489} = {90B71479-703B-4D84-81B1-AA650BF7C4FC}
	EndGlobalSection
	GlobalSection(ExtensibilityGlobals) = postSolution
		SolutionGuid = {1D473C4F-DC56-48FC-83C0-47DD9CA57566}
	EndGlobalSection
EndGlobal
